
Microsoft Visual Studio Solution File, Format Version 12.00
# Visual Studio 2017
<<<<<<< HEAD
Project("{FAE04EC0-301F-11D3-BF4B-00C04F79EFBC}") = "Point'n'Click.Plugins", "Point'n'Click.Plugins.csproj", "{6D4C0360-ADF3-F5A7-3FF7-E5D2F0005F5F}"
EndProject
Project("{FAE04EC0-301F-11D3-BF4B-00C04F79EFBC}") = "Point'n'Click", "Point'n'Click.csproj", "{525C5EFB-3840-DE08-18FF-C5CAC6A21FF5}"
EndProject
=======
<<<<<<< HEAD
Project("{FAE04EC0-301F-11D3-BF4B-00C04F79EFBC}") = "Point'n'Click", "Point'n'Click.csproj", "{525C5EFB-3840-DE08-18FF-C5CAC6A21FF5}"
EndProject
=======
>>>>>>> 046bd5e16851b1d403157dc272c6602242f14cea
>>>>>>> 335aa875b4dfdc0d5ecebb992b9f6ed55d11c572
Global
	GlobalSection(SolutionConfigurationPlatforms) = preSolution
		Debug|Any CPU = Debug|Any CPU
		Release|Any CPU = Release|Any CPU
	EndGlobalSection
	GlobalSection(ProjectConfigurationPlatforms) = postSolution
<<<<<<< HEAD
		{6D4C0360-ADF3-F5A7-3FF7-E5D2F0005F5F}.Debug|Any CPU.ActiveCfg = Debug|Any CPU
		{6D4C0360-ADF3-F5A7-3FF7-E5D2F0005F5F}.Debug|Any CPU.Build.0 = Debug|Any CPU
		{6D4C0360-ADF3-F5A7-3FF7-E5D2F0005F5F}.Release|Any CPU.ActiveCfg = Release|Any CPU
		{6D4C0360-ADF3-F5A7-3FF7-E5D2F0005F5F}.Release|Any CPU.Build.0 = Release|Any CPU
=======
<<<<<<< HEAD
>>>>>>> 335aa875b4dfdc0d5ecebb992b9f6ed55d11c572
		{525C5EFB-3840-DE08-18FF-C5CAC6A21FF5}.Debug|Any CPU.ActiveCfg = Debug|Any CPU
		{525C5EFB-3840-DE08-18FF-C5CAC6A21FF5}.Debug|Any CPU.Build.0 = Debug|Any CPU
		{525C5EFB-3840-DE08-18FF-C5CAC6A21FF5}.Release|Any CPU.ActiveCfg = Release|Any CPU
		{525C5EFB-3840-DE08-18FF-C5CAC6A21FF5}.Release|Any CPU.Build.0 = Release|Any CPU
<<<<<<< HEAD
=======
=======
>>>>>>> 046bd5e16851b1d403157dc272c6602242f14cea
>>>>>>> 335aa875b4dfdc0d5ecebb992b9f6ed55d11c572
	EndGlobalSection
	GlobalSection(SolutionProperties) = preSolution
		HideSolutionNode = FALSE
	EndGlobalSection
EndGlobal
